version = 1
revision = 3
requires-python = ">=3.14"

[manifest]
members = [
    "zrun-auth",
    "zrun-bff",
    "zrun-core",
    "zrun-flow",
    "zrun-flow-api",
    "zrun-uc",
    "zrun-uc-api",
    "zrun-workspace",
]
constraints = [
    { name = "fastapi", specifier = ">=0.115" },
    { name = "httpx", specifier = ">=0.27" },
    { name = "pydantic-settings", specifier = ">=2.0" },
    { name = "tenacity", specifier = ">=9.0" },
    { name = "uvicorn", specifier = ">=0.30" },
]

[[package]]
name = "annotated-doc"
version = "0.0.5"
source = { registry = "https://pypi.org/simple" }
sdist = { url = "https://files.pythonhosted.org/packages/5a/8e/38aa427ed5402449e226975b649c5dc73ccadfefeb95e6aecb8f8ea4b6b6/annotated_doc-0.0.5.tar.gz", hash = "sha256:c7e58ce09192557605d8bbd92836d7e1d520ac9580096042c0bfd197efacf1bb", size = 10758, upload-time = "2026-07-28T13:50:58.129Z" }
wheels = [
    { url = "https://files.pythonhosted.org/packages/3e/30/e900b21425a860e195f32e37657aa1f7c7f2b1bfb26f03ca209b90933c06/annotated_doc-0.0.5-py3-none-any.whl", hash = "sha256:117bac03a25ede5df5440e855b32d556049ca169ead221505badf432fed4b101", size = 5302, upload-time = "2026-07-28T13:50:57.239Z" },
]

[[package]]
name = "annotated-types"
version = "0.8.0"
source = { registry = "https://pypi.org/simple" }
sdist = { url = "https://files.pythonhosted.org/packages/5f/56/a8120250d128bed162cd73c76d45f6ef9991f3e068f62a8ee060afa3104a/annotated_types-0.8.0.tar.gz", hash = "sha256:13b2beaad985e05e2d6407ee4c4f35590b11f8d693a258a561055cac8f64cab7", size = 15893, upload-time = "2026-07-23T20:16:13.995Z" }
wheels = [
    { url = "https://files.pythonhosted.org/packages/99/91/8acff4f5e50511b911bbccb72b8628a49c68ce14148cd9f6431094859a90/annotated_types-0.8.0-py3-none-any.whl", hash = "sha256:f072f4d804ea359e4eaf198b1af7a8b0943881a87f31bb764f8bf219bb9419e0", size = 13427, upload-time = "2026-07-23T20:16:12.938Z" },
]

[[package]]
name = "anyio"
version = "4.14.2"
source = { registry = "https://pypi.org/simple" }
dependencies = [
    { name = "idna" },
]
sdist = { url = "https://files.pythonhosted.org/packages/61/cc/a381afa6efea9f496eff839d4a6a1aed3bfafc7b3ab4b0d1b243a12573dd/anyio-4.14.2.tar.gz", hash = "sha256:cfa139f3ed1a23ee8f88a145ddb5ac7605b8bbfd8592baacd7ce3d8bb4313c7f", size = 260176, upload-time = "2026-07-12T20:29:07.082Z" }
wheels = [
    { url = "https://files.pythonhosted.org/packages/da/35/f2287558c17e29fafc8ef3daf819bb9834061cfa43bff8014f7df7f63bdc/anyio-4.14.2-py3-none-any.whl", hash = "sha256:9f505dda5ac9f0c8309b5e8bd445a8c2bf7246f3ce950121e45ea15bc41d1494", size = 125813, upload-time = "2026-07-12T20:29:05.763Z" },
]

[[package]]
name = "certifi"
version = "2026.7.22"
source = { registry = "https://pypi.org/simple" }
sdist = { url = "https://files.pythonhosted.org/packages/a3/c2/24167ea9858356b47a87a50d39908bfdb72ceeefe0041586e704e5376b3a/certifi-2026.7.22.tar.gz", hash = "sha256:741e2c3b351ddf169a738da9f2c048608ff7f2c5cc02f1ebc6b118bb090d5d55", size = 138112, upload-time = "2026-07-22T03:35:12.644Z" }
wheels = [
    { url = "https://files.pythonhosted.org/packages/0b/a7/71ac2cff56fec219ed242bb11b8efb69fcc4bec75db06fb7bfe35de520e6/certifi-2026.7.22-py3-none-any.whl", hash = "sha256:62f22742b58a1a33014a2b6b706588a8d7e2a88ae7bd1a6ebe8c992928483775", size = 136983, upload-time = "2026-07-22T03:35:11.276Z" },
]

[[package]]
name = "click"
version = "8.4.2"
source = { registry = "https://pypi.org/simple" }
dependencies = [
    { name = "colorama", marker = "sys_platform == 'win32'" },
]
sdist = { url = "https://files.pythonhosted.org/packages/76/d4/81420972a676e8ffea40450d8c8c92943e7218a78fe9b64359836cc9876b/click-8.4.2.tar.gz", hash = "sha256:9a6cea6e60b17ebe0a44c5cc636d94f09bd66142c1cd7d8b4cd731c4917a15f6", size = 338000, upload-time = "2026-06-24T17:45:15.148Z" }
wheels = [
    { url = "https://files.pythonhosted.org/packages/fb/e2/79c688af8b210d232694e31e59da9f6ec747bae31c3f5946e4e9b98860d5/click-8.4.2-py3-none-any.whl", hash = "sha256:e6f9f66136c816745b9d65817da91d61d957fb16e02e4dcd0552553c5a197b76", size = 119243, upload-time = "2026-06-24T17:45:13.73Z" },
]

[[package]]
name = "colorama"
version = "0.4.6"
source = { registry = "https://pypi.org/simple" }
sdist = { url = "https://files.pythonhosted.org/packages/d8/53/6f443c9a4a8358a93a6792e2acffb9d9d5cb0a5cfd8802644b7b1c9a02e4/colorama-0.4.6.tar.gz", hash = "sha256:08695f5cb7ed6e0531a20572697297273c47b8cae5a63ffc6d6ed5c201be6e44", size = 27697, upload-time = "2022-10-25T02:36:22.414Z" }
wheels = [
    { url = "https://files.pythonhosted.org/packages/d1/d6/3965ed04c63042e047cb6a3e6ed1a63a35087b6a609aa3a15ed8ac56c221/colorama-0.4.6-py2.py3-none-any.whl", hash = "sha256:4f1d9991f5acc0ca119f9d443620b77f9d6b33703e51011c16baf57afb285fc6", size = 25335, upload-time = "2022-10-25T02:36:20.889Z" },
]

[[package]]
name = "fastapi"
version = "0.141.1"
source = { registry = "https://pypi.org/simple" }
dependencies = [
    { name = "annotated-doc" },
    { name = "pydantic" },
    { name = "starlette" },
    { name = "typing-extensions" },
    { name = "typing-inspection" },
]
sdist = { url = "https://files.pythonhosted.org/packages/8a/02/91e3416a8fdd715abb903a952a6bec7cdd8d14eed55d415fc8595524c319/fastapi-0.141.1.tar.gz", hash = "sha256:e8822fc40db1e1858054d7a949a888695bc9bdce70139178e33bd2871a453ca1", size = 425799, upload-time = "2026-07-29T17:18:05.568Z" }
wheels = [
    { url = "https://files.pythonhosted.org/packages/cb/03/10388a42375ee7e4ac9b94eb2c5c569c8b5795e377e701c9ac3ad63de890/fastapi-0.141.1-py3-none-any.whl", hash = "sha256:bfb91aa2d334c61cb35ba9a116fc123b3d3df31640b801cf57a7a78ec3f603b3", size = 131954, upload-time = "2026-07-29T17:18:04.364Z" },
]

[[package]]
name = "h11"
version = "0.16.0"
source = { registry = "https://pypi.org/simple" }
sdist = { url = "https://files.pythonhosted.org/packages/01/ee/02a2c011bdab74c6fb3c75474d40b3052059d95df7e73351460c8588d963/h11-0.16.0.tar.gz", hash = "sha256:4e35b956cf45792e4caa5885e69fba00bdbc6ffafbfa020300e549b208ee5ff1", size = 101250, upload-time = "2025-04-24T03:35:25.427Z" }
wheels = [
    { url = "https://files.pythonhosted.org/packages/04/4b/29cac41a4d98d144bf5f6d33995617b185d14b22401f75ca86f384e87ff1/h11-0.16.0-py3-none-any.whl", hash = "sha256:63cf8bbe7522de3bf65932fda1d9c2772064ffb3dae62d55932da54b31cb6c86", size = 37515, upload-time = "2025-04-24T03:35:24.344Z" },
]

[[package]]
name = "httpcore"
version = "1.0.9"
source = { registry = "https://pypi.org/simple" }
dependencies = [
    { name = "certifi" },
    { name = "h11" },
]
sdist = { url = "https://files.pythonhosted.org/packages/06/94/82699a10bca87a5556c9c59b5963f2d039dbd239f25bc2a63907a05a14cb/httpcore-1.0.9.tar.gz", hash = "sha256:6e34463af53fd2ab5d807f399a9b45ea31c3dfa2276f15a2c3f00afff6e176e8", size = 85484, upload-time = "2025-04-24T22:06:22.219Z" }
wheels = [
    { url = "https://files.pythonhosted.org/packages/7e/f5/f66802a942d491edb555dd61e3a9961140fd64c90bce1eafd741609d334d/httpcore-1.0.9-py3-none-any.whl", hash = "sha256:2d400746a40668fc9dec9810239072b40b4484b640a8c38fd654a024c7a1bf55", size = 78784, upload-time = "2025-04-24T22:06:20.566Z" },
]

[[package]]
name = "httpx"
version = "0.28.1"
source = { registry = "https://pypi.org/simple" }
dependencies = [
    { name = "anyio" },
    { name = "certifi" },
    { name = "httpcore" },
    { name = "idna" },
]
sdist = { url = "https://files.pythonhosted.org/packages/b1/df/48c586a5fe32a0f01324ee087459e112ebb7224f646c0b5023f5e79e9956/httpx-0.28.1.tar.gz", hash = "sha256:75e98c5f16b0f35b567856f597f06ff2270a374470a5c2392242528e3e3e42fc", size = 141406, upload-time = "2024-12-06T15:37:23.222Z" }
wheels = [
    { url = "https://files.pythonhosted.org/packages/2a/39/e50c7c3a983047577ee07d2a9e53faf5a69493943ec3f6a384bdc792deb2/httpx-0.28.1-py3-none-any.whl", hash = "sha256:d909fcccc110f8c7faf814ca82a9a4d816bc5a6dbfea25d6591d6985b8ba59ad", size = 73517, upload-time = "2024-12-06T15:37:21.509Z" },
]

[[package]]
name = "idna"
version = "3.19"
source = { registry = "https://pypi.org/simple" }
sdist = { url = "https://files.pythonhosted.org/packages/5f/f7/abb373e5757eaec4b922b92f97ec8d6d7e057cf06778247604fbc4e7c3f3/idna-3.19.tar.gz", hash = "sha256:5e0811a4383b21dc5838069f801c4fb62113b7447663d2530d2bd6e77b49bf15", size = 215237, upload-time = "2026-08-18T05:14:24.27Z" }
wheels = [
    { url = "https://files.pythonhosted.org/packages/57/b0/0e52c878c53f245edd3a11020f20979b3f490f245af532c7cae3027754b5/idna-3.19-py3-none-any.whl", hash = "sha256:815e7be7a7806d54abb586dc943addc79e8b2ee16915059658cbeff4b1b43bf4", size = 68550, upload-time = "2026-08-18T05:14:22.343Z" },
]

[[package]]
name = "iniconfig"
version = "2.3.0"
source = { registry = "https://pypi.org/simple" }
sdist = { url = "https://files.pythonhosted.org/packages/72/34/14ca021ce8e5dfedc35312d08ba8bf51fdd999c576889fc2c24cb97f4f10/iniconfig-2.3.0.tar.gz", hash = "sha256:c76315c77db068650d49c5b56314774a7804df16fee4402c1f19d6d15d8c4730", size = 20503, upload-time = "2025-10-18T21:55:43.219Z" }
wheels = [
    { url = "https://files.pythonhosted.org/packages/cb/b1/3846dd7f199d53cb17f49cba7e651e9ce294d8497c8c150530ed11865bb8/iniconfig-2.3.0-py3-none-any.whl", hash = "sha256:f631c04d2c48c52b84d0d0549c99ff3859c98df65b3101406327ecc7d53fbf12", size = 7484, upload-time = "2025-10-18T21:55:41.639Z" },
]

[[package]]
name = "packaging"
version = "26.3"
source = { registry = "https://pypi.org/simple" }
sdist = { url = "https://files.pythonhosted.org/packages/7d/fa/3944b40b07da9ce895c0e6303a5ab7d53da063554f534556b134a54d6093/packaging-26.3.tar.gz", hash = "sha256:94edc256424af38762eb31306eed28beb9f0efc50a8837492c9d6fd6004aed79", size = 313412, upload-time = "2026-08-04T18:15:28.737Z" }
wheels = [
    { url = "https://files.pythonhosted.org/packages/63/34/ba1c580383c9eada3711951fef0795c80b829a078d72188184bcab9dd527/packaging-26.3-py3-none-any.whl", hash = "sha256:d7193f7c8e4e93f444fde0262bf90af30e16fa0ad0ad44cb553c87339b23cd1c", size = 129956, upload-time = "2026-08-04T18:15:27.159Z" },
]

[[package]]
name = "pluggy"
version = "1.6.0"
source = { registry = "https://pypi.org/simple" }
sdist = { url = "https://files.pythonhosted.org/packages/f9/e2/3e91f31a7d2b083fe6ef3fa267035b518369d9511ffab804f839851d2779/pluggy-1.6.0.tar.gz", hash = "sha256:7dcc130b76258d33b90f61b658791dede3486c3e6bfb003ee5c9bfb396dd22f3", size = 69412, upload-time = "2025-05-15T12:30:07.975Z" }
wheels = [
    { url = "https://files.pythonhosted.org/packages/54/20/4d324d65cc6d9205fabedc306948156824eb9f0ee1633355a8f7ec5c66bf/pluggy-1.6.0-py3-none-any.whl", hash = "sha256:e920276dd6813095e9377c0bc5566d94c932c33b27a3e3945d8389c374dd4746", size = 20538, upload-time = "2025-05-15T12:30:06.134Z" },
]

[[package]]
name = "pydantic"
version = "2.13.4"
source = { registry = "https://pypi.org/simple" }
dependencies = [
    { name = "annotated-types" },
    { name = "pydantic-core" },
    { name = "typing-extensions" },
    { name = "typing-inspection" },
]
sdist = { url = "https://files.pythonhosted.org/packages/18/a5/b60d21ac674192f8ab0ba4e9fd860690f9b4a6e51ca5df118733b487d8d6/pydantic-2.13.4.tar.gz", hash = "sha256:c40756b57adaa8b1efeeced5c196f3f3b7c435f90e84ea7f443901bec8099ef6", size = 844775, upload-time = "2026-05-06T13:43:05.343Z" }
wheels = [
    { url = "https://files.pythonhosted.org/packages/fd/7b/122376b1fd3c62c1ed9dc80c931ace4844b3c55407b6fb2d199377c9736f/pydantic-2.13.4-py3-none-any.whl", hash = "sha256:45a282cde31d808236fd7ea9d919b128653c8b38b393d1c4ab335c62924d9aba", size = 472262, upload-time = "2026-05-06T13:43:02.641Z" },
]

[[package]]
name = "pydantic-core"
version = "2.46.4"
source = { registry = "https://pypi.org/simple" }
dependencies = [
    { name = "typing-extensions" },
]
sdist = { url = "https://files.pythonhosted.org/packages/9d/56/921726b776ace8d8f5db44c4ef961006580d91dc52b803c489fafd1aa249/pydantic_core-2.46.4.tar.gz", hash = "sha256:62f875393d7f270851f20523dd2e29f082bcc82292d66db2b64ea71f64b6e1c1", size = 471464, upload-time = "2026-05-06T13:37:06.98Z" }
wheels = [
    { url = "https://files.pythonhosted.org/packages/8d/74/228a26ddad29c6672b805d9fd78e8d251cd04004fa7eed0e622096cd0250/pydantic_core-2.46.4-cp314-cp314-macosx_10_12_x86_64.whl", hash = "sha256:428e04521a40150c85216fc8b85e8d39fece235a9cf5e383761238c7fa9b96fb", size = 2102079, upload-time = "2026-05-06T13:38:41.019Z" },
    { url = "https://files.pythonhosted.org/packages/ad/1f/8970b150a4b4365623ae00fc88603491f763c627311ae8031e3111356d6e/pydantic_core-2.46.4-cp314-cp314-macosx_11_0_arm64.whl", hash = "sha256:23ace664830ee0bfe014a0c7bc248b1f7f25ed7ad103852c317624a1083af462", size = 1952179, upload-time = "2026-05-06T13:36:59.812Z" },
    { url = "https://files.pythonhosted.org/packages/95/30/5211a831ae054928054b2f79731661087a2bc5c01e825c672b3a4a8f1b3e/pydantic_core-2.46.4-cp314-cp314-manylinux_2_17_aarch64.manylinux2014_aarch64.whl", hash = "sha256:ce5c1d2a8b27468f433ca974829c44060b8097eedc39933e3c206a90ee49c4a9", size = 1978926, upload-time = "2026-05-06T13:37:39.933Z" },
    { url = "https://files.pythonhosted.org/packages/57/e9/689668733b1eb67adeef047db3c2e8788fcf65a7fd9c9e2b46b7744fe245/pydantic_core-2.46.4-cp314-cp314-manylinux_2_17_armv7l.manylinux2014_armv7l.whl", hash = "sha256:7283d57845ecf5a163403eb0702dfc220cc4fbdd18919cb5ccea4f95ee1cdab4", size = 2046785, upload-time = "2026-05-06T13:38:01.995Z" },
    { url = "https://files.pythonhosted.org/packages/60/d9/6715260422ff50a2109878fd24d948a6c3446bb2664f34ee78cd972b3acd/pydantic_core-2.46.4-cp314-cp314-manylinux_2_17_ppc64le.manylinux2014_ppc64le.whl", hash = "sha256:8daafc69c93ee8a0204506a3b6b30f586ef54028f52aeeeb5c4cfc5184fd5914", size = 2228733, upload-time = "2026-05-06T13:40:50.371Z" },
    { url = "https://files.pythonhosted.org/packages/18/ae/fdb2f64316afca925640f8e70bb1a564b0ec2721c1389e25b8eb4bf9a299/pydantic_core-2.46.4-cp314-cp314-manylinux_2_17_s390x.manylinux2014_s390x.whl", hash = "sha256:cd2213145bcc2ba85884d0ac63d222fece9209678f77b9b4d76f054c561adb28", size = 2307534, upload-time = "2026-05-06T13:37:21.531Z" },
    { url = "https://files.pythonhosted.org/packages/89/1d/8eff589b45bb8190a9d12c49cfad0f176a5cbd1534908a6b5125e2886239/pydantic_core-2.46.4-cp314-cp314-manylinux_2_17_x86_64.manylinux2014_x86_64.whl", hash = "sha256:7a5f930472650a82629163023e630d160863fce524c616f4e5186e5de9d9a49b", size = 2099732, upload-time = "2026-05-06T13:39:31.942Z" },
    { url = "https://files.pythonhosted.org/packages/06/d5/ee5a3366637fee41dee51a1fc91562dcf12ddbc68fda34e6b253da2324bb/pydantic_core-2.46.4-cp314-cp314-manylinux_2_31_riscv64.whl", hash = "sha256:c1b3f518abeca3aa13c712fd202306e145abf59a18b094a6bafb2d2bbf59192c", size = 2129627, upload-time = "2026-05-06T13:37:25.033Z" },
    { url = "https://files.pythonhosted.org/packages/94/33/2414be571d2c6a6c4d08be21f9292b6d3fdb08949a97b6dfe985017821db/pydantic_core-2.46.4-cp314-cp314-manylinux_2_5_i686.manylinux1_i686.whl", hash = "sha256:1a7dd0b3ee80d90150e3495a3a13ac34dbcbfd4f012996a6a1d8900e91b5c0fb", size = 2179141, upload-time = "2026-05-06T13:37:14.046Z" },
    { url = "https://files.pythonhosted.org/packages/7b/79/7daa95be995be0eecc4cf75064cb33f9bbbfe3fe0158caf2f0d4a996a5c7/pydantic_core-2.46.4-cp314-cp314-musllinux_1_1_aarch64.whl", hash = "sha256:3fb702cd90b0446a3a1c5e470bfa0dd23c0233b676a9099ddcc964fa6ca13898", size = 2184325, upload-time = "2026-05-06T13:36:53.615Z" },
    { url = "https://files.pythonhosted.org/packages/9f/cb/d0a382f5c0de8a222dc61c65348e0ce831b1f68e0a018450d31c2cace3a5/pydantic_core-2.46.4-cp314-cp314-musllinux_1_1_armv7l.whl", hash = "sha256:b8458003118a712e66286df6a707db01c52c0f52f7db8e4a38f0da1d3b94fc4e", size = 2323990, upload-time = "2026-05-06T13:40:29.971Z" },
    { url = "https://files.pythonhosted.org/packages/05/db/d9ba624cc4a5aced1598e88c04fdbd8310c8a69b9d38b9a3d39ce3a61ed7/pydantic_core-2.46.4-cp314-cp314-musllinux_1_1_x86_64.whl", hash = "sha256:372429a130e469c9cd698925ce5fc50940b7a1336b0d82038e63d5bbc4edc519", size = 2369978, upload-time = "2026-05-06T13:37:23.027Z" },
    { url = "https://files.pythonhosted.org/packages/f2/20/d15df15ba918c423461905802bfd2981c3af0bfa0e40d05e13edbfa48bc3/pydantic_core-2.46.4-cp314-cp314-win32.whl", hash = "sha256:85bb3611ff1802f3ee7fdd7dbff26b56f343fb432d57a4728fdd49b6ef35e2f4", size = 1966354, upload-time = "2026-05-06T13:38:03.499Z" },
    { url = "https://files.pythonhosted.org/packages/fc/b6/6b8de4c0a7d7ab3004c439c80c5c1e0a3e8d78bbae19379b01960383d9e5/pydantic_core-2.46.4-cp314-cp314-win_amd64.whl", hash = "sha256:811ff8e9c313ab425368bcbb36e5c4ebd7108c2bbf4e4089cfbb0b01eff63fac", size = 2072238, upload-time = "2026-05-06T13:39:40.807Z" },
    { url = "https://files.pythonhosted.org/packages/32/36/51eb763beec1f4cf59b1db243a7dcc39cbb41230f050a09b9d69faaf0a48/pydantic_core-2.46.4-cp314-cp314-win_arm64.whl", hash = "sha256:bfec22eab3c8cc2ceec0248aec886624116dc079afa027ecc8ad4a7e62010f8a", size = 2018251, upload-time = "2026-05-06T13:37:26.72Z" },
    { url = "https://files.pythonhosted.org/packages/e8/91/855af51d625b23aa987116a19e231d2aaef9c4a415273ddc189b79a45fee/pydantic_core-2.46.4-cp314-cp314t-macosx_10_12_x86_64.whl", hash = "sha256:af8244b2bef6aaad6d92cda81372de7f8c8d36c9f0c3ea36e827c60e7d9467a0", size = 2099593, upload-time = "2026-05-06T13:39:47.682Z" },
    { url = "https://files.pythonhosted.org/packages/fb/1b/8784a54c65edb5f49f0a14d6977cf1b209bba85a4c77445b255c2de58ab3/pydantic_core-2.46.4-cp314-cp314t-macosx_11_0_arm64.whl", hash = "sha256:5a4330cdbc57162e4b3aa303f588ba752257694c9c9be3e7ebb11b4aca659b5d", size = 1935226, upload-time = "2026-05-06T13:40:40.428Z" },
    { url = "https://files.pythonhosted.org/packages/e8/e7/1955d28d1afc56dd4b3ad7cc0cf39df1b9852964cf16e5d13912756d6d6b/pydantic_core-2.46.4-cp314-cp314t-manylinux_2_17_aarch64.manylinux2014_aarch64.whl", hash = "sha256:29c61fc04a3d840155ff08e475a04809278972fe6aef51e2720554e96367e34b", size = 1974605, upload-time = "2026-05-06T13:37:32.029Z" },
    { url = "https://files.pythonhosted.org/packages/93/e2/3fedbf0ba7a22850e6e9fd78117f1c0f10f950182344d8a6c535d468fdd8/pydantic_core-2.46.4-cp314-cp314t-manylinux_2_17_armv7l.manylinux2014_armv7l.whl", hash = "sha256:c50f2528cf200c5eed56faf3f4e22fcd5f38c157a8b78576e6ba3168ec35f000", size = 2030777, upload-time = "2026-05-06T13:38:55.239Z" },
    { url = "https://files.pythonhosted.org/packages/f8/61/46be275fcaaba0b4f5b9669dd852267ce1ff616592dccf7a7845588df091/pydantic_core-2.46.4-cp314-cp314t-manylinux_2_17_ppc64le.manylinux2014_ppc64le.whl", hash = "sha256:0cbe8b01f948de4286c74cdd6c667aceb38f5c1e26f0693b3983d9d74887c65e", size = 2236641, upload-time = "2026-05-06T13:37:08.096Z" },
    { url = "https://files.pythonhosted.org/packages/60/db/12e93e46a8bac9988be3c016860f83293daea8c716c029c9ace279036f2f/pydantic_core-2.46.4-cp314-cp314t-manylinux_2_17_s390x.manylinux2014_s390x.whl", hash = "sha256:617d7e2ca7dcb8c5cf6bcb8c59b8832c94b36196bbf1cbd1bfb56ed341905edd", size = 2286404, upload-time = "2026-05-06T13:40:20.221Z" },
    { url = "https://files.pythonhosted.org/packages/e2/4a/4d8b19008f38d31c53b8219cfedc2e3d5de5fe99d90076b7e767de29274f/pydantic_core-2.46.4-cp314-cp314t-manylinux_2_17_x86_64.manylinux2014_x86_64.whl", hash = "sha256:7027560ee92211647d0d34e3f7cd6f50da56399d26a9c8ad0da286d3869a53f3", size = 2109219, upload-time = "2026-05-06T13:38:12.153Z" },
    { url = "https://files.pythonhosted.org/packages/88/70/3cbc40978fefb7bb09c6708d40d4ad1a5d70fd7213c3d17f971de868ec1f/pydantic_core-2.46.4-cp314-cp314t-manylinux_2_31_riscv64.whl", hash = "sha256:f99626688942fb746e545232e7726926f3be91b5975f8b55327665fafda991c7", size = 2110594, upload-time = "2026-05-06T13:40:02.971Z" },
    { url = "https://files.pythonhosted.org/packages/9d/20/b8d36736216e29491125531685b2f9e61aa5b4b2599893f8268551da3338/pydantic_core-2.46.4-cp314-cp314t-manylinux_2_5_i686.manylinux1_i686.whl", hash = "sha256:fc3e9034a63de20e15e8ade85358bc6efc614008cab72898b4b4952bea0509ff", size = 2159542, upload-time = "2026-05-06T13:39:27.506Z" },
    { url = "https://files.pythonhosted.org/packages/1d/a2/367df868eb584dacf6bf82a389272406d7178e301c4ac82545ab98bc2dd9/pydantic_core-2.46.4-cp314-cp314t-musllinux_1_1_aarch64.whl", hash = "sha256:97e7cf2be5c77b7d1a9713a05605d49460d02c6078d38d8bef3cbe323c548424", size = 2168146, upload-time = "2026-05-06T13:38:31.93Z" },
    { url = "https://files.pythonhosted.org/packages/c1/b8/4460f77f7e201893f649a29ab355dddd3beee8a97bcb1a320db414f9a06e/pydantic_core-2.46.4-cp314-cp314t-musllinux_1_1_armv7l.whl", hash = "sha256:3bf92c5d0e00fefaab325a4d27828fe6b6e2a21848686b5b60d2d9eeb09d76c6", size = 2306309, upload-time = "2026-05-06T13:37:44.717Z" },
    { url = "https://files.pythonhosted.org/packages/64/c4/be2639293acd87dc8ddbcec41a73cee9b2ebf996fe6d892a1a74e88ad3f7/pydantic_core-2.46.4-cp314-cp314t-musllinux_1_1_x86_64.whl", hash = "sha256:3ecbc122d18468d06ca279dc26a8c2e2d5acb10943bb35e36ae92096dc3b5565", size = 2369736, upload-time = "2026-05-06T13:37:05.645Z" },
    { url = "https://files.pythonhosted.org/packages/30/a6/9f9f380dbb301f67023bf8f707aaa75daadf84f7152d95c410fd7e81d994/pydantic_core-2.46.4-cp314-cp314t-win32.whl", hash = "sha256:e846ae7835bf0703ae43f534ab79a867146dadd59dc9ca5c8b53d5c8f7c9ef02", size = 1955575, upload-time = "2026-05-06T13:38:51.116Z" },
    { url = "https://files.pythonhosted.org/packages/40/1f/f1eb9eb350e795d1af8586289746f5c5677d16043040d63710e22abc43c9/pydantic_core-2.46.4-cp314-cp314t-win_amd64.whl", hash = "sha256:2108ba5c1c1eca18030634489dc544844144ee36357f2f9f780b93e7ddbb44b5", size = 2051624, upload-time = "2026-05-06T13:38:21.672Z" },
    { url = "https://files.pythonhosted.org/packages/f6/d2/42dd53d0a85c27606f316d3aa5d2869c4e8470a5ed6dec30e4a1abe19192/pydantic_core-2.46.4-cp314-cp314t-win_arm64.whl", hash = "sha256:4fcbe087dbc2068af7eda3aa87634eba216dbda64d1ae73c8684b621d33f6596", size = 2017325, upload-time = "2026-05-06T13:40:52.723Z" },
]

[[package]]
name = "pydantic-settings"
version = "2.15.0"
source = { registry = "https://pypi.org/simple" }
dependencies = [
    { name = "pydantic" },
    { name = "python-dotenv" },
    { name = "typing-inspection" },
]
sdist = { url = "https://files.pythonhosted.org/packages/68/ca/31c57507b13119d7d3cfa1576dad2911a4861e3be07b579395f4e9d393f9/pydantic_settings-2.15.0.tar.gz", hash = "sha256:694b793e84f766ba76a90ebdefc01d0a9a045dab0382bee70393da93712ad117", size = 261253, upload-time = "2026-08-07T09:24:57.419Z" }
wheels = [
    { url = "https://files.pythonhosted.org/packages/30/a4/2bffa9f8e804325a09867f0e9d30795c80ea9f8d62560bd1b6ad6220eb2f/pydantic_settings-2.15.0-py3-none-any.whl", hash = "sha256:0ba092c291c94baceb5eff768aa0d56400a457585bc0175925a5a5510303da42", size = 69413, upload-time = "2026-08-07T09:24:55.839Z" },
]

[[package]]
name = "pygments"
version = "2.21.0"
source = { registry = "https://pypi.org/simple" }
sdist = { url = "https://files.pythonhosted.org/packages/49/2e/ced460408999b33da6b31b0021b0f37d329e202d4169aeb164493778f25b/pygments-2.21.0.tar.gz", hash = "sha256:610ca751c9bc2492b38eb9a38a7fbc93edbbb2d7182edaf34e66ae493dee5c8c", size = 5005329, upload-time = "2026-08-17T08:02:48.824Z" }
wheels = [
    { url = "https://files.pythonhosted.org/packages/71/46/17f022dd3e953bf20a04a028a21ec746d942f8d2af30fa0f124fa0e6a684/pygments-2.21.0-py3-none-any.whl", hash = "sha256:2363c69b61c4a97c838da3b130dcd6468f4848992b21a82f2a63ec34377137d9", size = 1250147, upload-time = "2026-08-17T08:02:44.912Z" },
]

[[package]]
name = "pytest"
version = "9.1.1"
source = { registry = "https://pypi.org/simple" }
dependencies = [
    { name = "colorama", marker = "sys_platform == 'win32'" },
    { name = "iniconfig" },
    { name = "packaging" },
    { name = "pluggy" },
    { name = "pygments" },
]
sdist = { url = "https://files.pythonhosted.org/packages/e4/47/b9efed96c114afcfa3c9d3fe98a76a1d14c74a9e266d397cf6eb64be5e01/pytest-9.1.1.tar.gz", hash = "sha256:1088fbde8f2b49d95a549a195707afa7a76a3ce9bcadc26b6d71f0ffda5fe313", size = 1636369, upload-time = "2026-06-19T10:58:32.857Z" }
wheels = [
    { url = "https://files.pythonhosted.org/packages/24/25/1de2678b631f5a49215c6c96fff41ba892b0a34df68d6d80292b1b48aa7f/pytest-9.1.1-py3-none-any.whl", hash = "sha256:37a86b45efb9a47a61a36449063e8e18d0cab3161329fc099eb21783169c4f0c", size = 386536, upload-time = "2026-06-19T10:58:31.347Z" },
]

[[package]]
name = "pytest-asyncio"
version = "1.4.0"
source = { registry = "https://pypi.org/simple" }
dependencies = [
    { name = "pytest" },
]
sdist = { url = "https://files.pythonhosted.org/packages/43/7c/d36d04db312ecf4298932ef77e6e4a9e8ad017906e24e34f0b0c361a2473/pytest_asyncio-1.4.0.tar.gz", hash = "sha256:c6c0d2259945122819f171a32ecea2c349ead889ee28176caaf492143424be42", size = 58514, upload-time = "2026-05-26T09:56:04.083Z" }
wheels = [
    { url = "https://files.pythonhosted.org/packages/03/e2/08a497ef684b88559c9cc5f4ad53a37e7b99e727094a86d6ea32536d5d3c/pytest_asyncio-1.4.0-py3-none-any.whl", hash = "sha256:933ca923a23075a87fb7070c0ec272a6848489824d887c85c812670932835aa1", size = 16930, upload-time = "2026-05-26T09:56:02.576Z" },
]

[[package]]
name = "python-dotenv"
version = "1.2.3"
source = { registry = "https://pypi.org/simple" }
sdist = { url = "https://files.pythonhosted.org/packages/6a/53/ed9d74092561d4b01a2ef1349d52cdbc135e526c245f366b089cfca6de49/python_dotenv-1.2.3.tar.gz", hash = "sha256:a20a594dabeaa385725aa239d5244871c143ecb356add8a20fcf23773a6c3a35", size = 58945, upload-time = "2026-08-16T16:54:54.067Z" }
wheels = [
    { url = "https://files.pythonhosted.org/packages/0d/17/c5c6b53ddc18f297992099b3d9ec16c855c0ccc83263a21fe4d1c625ec6c/python_dotenv-1.2.3-py3-none-any.whl", hash = "sha256:904552145e8bfed22162c09dab1c2b9b54fefa7b23ba780f4f26ca0316b0f0d9", size = 22780, upload-time = "2026-08-16T16:54:52.473Z" },
]

[[package]]
name = "respx"
version = "0.23.1"
source = { registry = "https://pypi.org/simple" }
dependencies = [
    { name = "httpx" },
]
sdist = { url = "https://files.pythonhosted.org/packages/43/98/4e55c9c486404ec12373708d015ebce157966965a5ebe7f28ff2c784d41b/respx-0.23.1.tar.gz", hash = "sha256:242dcc6ce6b5b9bf621f5870c82a63997e8e82bc7c947f9ffe272b8f3dd5a780", size = 29243, upload-time = "2026-04-08T14:37:16.008Z" }
wheels = [
    { url = "https://files.pythonhosted.org/packages/1d/4a/221da6ca167db45693d8d26c7dc79ccfc978a440251bf6721c9aaf251ac0/respx-0.23.1-py2.py3-none-any.whl", hash = "sha256:b18004b029935384bccfa6d7d9d74b4ec9af73a081cc28600fffc0447f4b8c1a", size = 25557, upload-time = "2026-04-08T14:37:14.613Z" },
]

[[package]]
name = "ruff"
version = "0.16.4"
source = { registry = "https://pypi.org/simple" }
sdist = { url = "https://files.pythonhosted.org/packages/00/8f/d8074b1f25e003164087a8bfe79a0f1a3945135764dbb6aaab04103dcaf9/ruff-0.16.4.tar.gz", hash = "sha256:13171aa9d9af2240ee3504e639de73122c67e74036de5ba2e1d01422cd17e3dc", size = 4899731, upload-time = "2026-08-20T17:43:59.196Z" }
wheels = [
    { url = "https://files.pythonhosted.org/packages/ff/80/779895ef584e089d22f2c6df0d0e99a65ec2df0805f1fffd439415b8c1f0/ruff-0.16.4-py3-none-linux_armv6l.whl", hash = "sha256:df4075f71ddac40b9934af60c3ec8a53047dd5a5fdc43224e6e4e8e9a27cb6f7", size = 10006909, upload-time = "2026-08-20T17:43:16.888Z" },
    { url = "https://files.pythonhosted.org/packages/a9/e6/f553199b5e8927a05cb5c422d921fd0656b29ab976e91c44802107c6b0da/ruff-0.16.4-py3-none-macosx_10_12_x86_64.whl", hash = "sha256:0c95538517af68004306b0fb3214ff2f2af67a65092aee77cd9eb86db6656604", size = 10240201, upload-time = "2026-08-20T17:43:19.337Z" },
    { url = "https://files.pythonhosted.org/packages/1c/70/4a6dc4bb34da4dee35e30f09bbd1bfbdd26f33b62fb9b8df31f08a199cd2/ruff-0.16.4-py3-none-macosx_11_0_arm64.whl", hash = "sha256:963f83df8e69e575b64d67dd447ebbc917db41a14bf38d4593a4183e7aaa8255", size = 9835122, upload-time = "2026-08-20T17:43:21.708Z" },
    { url = "https://files.pythonhosted.org/packages/24/12/c6e22d686372c15bcb7af99831f1a1be96df696491babf4f24e4f942c527/ruff-0.16.4-py3-none-manylinux_2_17_aarch64.manylinux2014_aarch64.whl", hash = "sha256:32a5057c7ff3f6e6480a48fccfb3a412a690f48a3d03ac5cf08177d6c2da3ade", size = 9977162, upload-time = "2026-08-20T17:43:24.236Z" },
    { url = "https://files.pythonhosted.org/packages/46/49/72b10ec912f5ab5854992eaf7aa7cd36729b6937d9dc4e0fb41b3bf428ec/ruff-0.16.4-py3-none-manylinux_2_17_armv7l.manylinux2014_armv7l.whl", hash = "sha256:b3dce8d9b0c57c265b91885a66a567d8ea1372e8eb4e250fa8e5e3f579e99cff", size = 9829789, upload-time = "2026-08-20T17:43:26.966Z" },
    { url = "https://files.pythonhosted.org/packages/fa/80/0f30e32e7f6ee26edc39075502db9d368d788a44a79b55f763eb4ab03796/ruff-0.16.4-py3-none-manylinux_2_17_i686.manylinux2014_i686.whl", hash = "sha256:7dc651db49283c69f8e72c834eec4fe5573e4c646856aebece0ce385dceb2a80", size = 10527949, upload-time = "2026-08-20T17:43:29.384Z" },
    { url = "https://files.pythonhosted.org/packages/52/3d/86e8ad3542169e56cac3859a343afdb9df2ad54d35a59ce1e67baee83421/ruff-0.16.4-py3-none-manylinux_2_17_ppc64le.manylinux2014_ppc64le.whl", hash = "sha256:3817b87dbcabc92f13b05019257c5b89b5b4d51b5fb20f56fb5235ceb723cd07", size = 11333695, upload-time = "2026-08-20T17:43:31.872Z" },
    { url = "https://files.pythonhosted.org/packages/d0/16/481c29b380c20a0054a8261066665e1b3488e23636c49d0a43e75975b9bb/ruff-0.16.4-py3-none-manylinux_2_17_s390x.manylinux2014_s390x.whl", hash = "sha256:e9fce1499134b2c8c68e5166f95705a5812062bb93aacc5f9873bb1a27084bc7", size = 10727741, upload-time = "2026-08-20T17:43:34.596Z" },
    { url = "https://files.pythonhosted.org/packages/5e/b6/56bc0b8cf45b54b28b3a5e6381c8945d51b5b18adf659454c32295209a31/ruff-0.16.4-py3-none-manylinux_2_17_x86_64.manylinux2014_x86_64.whl", hash = "sha256:f2d812e482f5a7e02eee26cd73d2a37ebbdf47d795ea63ba1b89110ae93e9fb3", size = 10286522, upload-time = "2026-08-20T17:43:37.288Z" },
    { url = "https://files.pythonhosted.org/packages/e8/8b/b345b4fb110f2fbe2bd31eabd271e5e8b3b7e4ee6c0e02f2dc6be78db000/ruff-0.16.4-py3-none-manylinux_2_31_riscv64.whl", hash = "sha256:6baaf984aa7976edf93d3b627fe2d1d22ee94bbca05fa6f90fc76d73924e3454", size = 10584182, upload-time = "2026-08-20T17:43:39.984Z" },
    { url = "https://files.pythonhosted.org/packages/29/e5/827b34041c35f58774a9681a4213994c164fc987800f4dddabcf451da0bf/ruff-0.16.4-py3-none-musllinux_1_2_aarch64.whl", hash = "sha256:bdfcf0b28662eb890372d50f92c283bb94e67e7635ed93c7fd533970acff7b2b", size = 10134195, upload-time = "2026-08-20T17:43:42.351Z" },
    { url = "https://files.pythonhosted.org/packages/0f/10/d0bffcdd6729b87afc82ba0ef377173356a7dc8e972f5179968cf2fdf98c/ruff-0.16.4-py3-none-musllinux_1_2_armv7l.whl", hash = "sha256:b66b02cb9b04f537643cadf5768e5f98dc461890d530cb67113d71c8c76e605d", size = 9825821, upload-time = "2026-08-20T17:43:44.532Z" },
    { url = "https://files.pythonhosted.org/packages/f5/32/0db2a863b796ca62d83e92a07a3ccf00921b14db02059347576a2fda3d4b/ruff-0.16.4-py3-none-musllinux_1_2_i686.whl", hash = "sha256:8528bf9a4b291a60bf02ea453511e8ce6215bd2b982ee80405b66b008b6c30a0", size = 10267658, upload-time = "2026-08-20T17:43:46.989Z" },
    { url = "https://files.pythonhosted.org/packages/b2/a0/fbdeb59e48c6261f523e56c8f12e9c08fbe693786595cc7e3959207a9232/ruff-0.16.4-py3-none-musllinux_1_2_x86_64.whl", hash = "sha256:fbd85d2875fdd67e833213a651f613bbf25303abf6aa822a5121f4531195678d", size = 10697071, upload-time = "2026-08-20T17:43:49.891Z" },
    { url = "https://files.pythonhosted.org/packages/aa/28/0c6dd865859c6d17bc8ccc34cb72b0e02d6c7eb25e8a1e22b5bea681e2c0/ruff-0.16.4-py3-none-win32.whl", hash = "sha256:312769988007aaeb8e189b443ccdd03c0e6374489e053467be6d96518ebff76e", size = 10021687, upload-time = "2026-08-20T17:43:52.281Z" },
    { url = "https://files.pythonhosted.org/packages/a3/03/e724450f621698117f9aa6dd241c94d0274ae96781378dc86745ae29f0e7/ruff-0.16.4-py3-none-win_amd64.whl", hash = "sha256:05d9d27a18c4bcbefada602480ec9e01e0bc949d432e0ced5df77edac195919c", size = 10567657, upload-time = "2026-08-20T17:43:54.78Z" },
    { url = "https://files.pythonhosted.org/packages/0e/fe/da8b9e1347696bb22120b77280ec5ce25d500ca5cb39d5ad6e5c18de19c1/ruff-0.16.4-py3-none-win_arm64.whl", hash = "sha256:a3a61621c9b6f6a89573e938a080e648f1695baa3f58570a3a707bc51ff65a21", size = 10451579, upload-time = "2026-08-20T17:43:57.135Z" },
]

[[package]]
name = "starlette"
version = "1.6.0"
source = { registry = "https://pypi.org/simple" }
dependencies = [
    { name = "anyio" },
]
sdist = { url = "https://files.pythonhosted.org/packages/b5/b4/205b0d5241d934e8add0c38aa924c4f9fb7330834ff11e5444db964ec3f9/starlette-1.6.0.tar.gz", hash = "sha256:d4e3ac5e546444960c710297a3c9fc3f7ebae1b7e963f3d36173b49da535be9b", size = 2716969, upload-time = "2026-08-08T18:27:57.512Z" }
wheels = [
    { url = "https://files.pythonhosted.org/packages/c8/cb/6a6a47d5b464bd08695d254f3da6e7986cc70c9fa5d778eda57538edfe56/starlette-1.6.0-py3-none-any.whl", hash = "sha256:a86dd39d14bb45f85a3d18525215a9ef0cfd1f192ac793220e72598c90335f0c", size = 75969, upload-time = "2026-08-08T18:27:56.196Z" },
]

[[package]]
name = "tenacity"
version = "9.1.4"
source = { registry = "https://pypi.org/simple" }
sdist = { url = "https://files.pythonhosted.org/packages/47/c6/ee486fd809e357697ee8a44d3d69222b344920433d3b6666ccd9b374630c/tenacity-9.1.4.tar.gz", hash = "sha256:adb31d4c263f2bd041081ab33b498309a57c77f9acf2db65aadf0898179cf93a", size = 49413, upload-time = "2026-02-07T10:45:33.841Z" }
wheels = [
    { url = "https://files.pythonhosted.org/packages/d7/c1/eb8f9debc45d3b7918a32ab756658a0904732f75e555402972246b0b8e71/tenacity-9.1.4-py3-none-any.whl", hash = "sha256:6095a360c919085f28c6527de529e76a06ad89b23659fa881ae0649b867a9d55", size = 28926, upload-time = "2026-02-07T10:45:32.24Z" },
]

[[package]]
name = "ty"
version = "0.0.73"
source = { registry = "https://pypi.org/simple" }
sdist = { url = "https://files.pythonhosted.org/packages/e5/90/c4e1bb4cead3b644c3e258a27f9b05c7dc5eb0ec96a4f5282194edae9e0d/ty-0.0.73.tar.gz", hash = "sha256:823d4ce0d237bfc7eb6bcee70842f2c0706113813a16951077840743712f4b74", size = 6712739, upload-time = "2026-08-19T03:12:43.381Z" }
wheels = [
    { url = "https://files.pythonhosted.org/packages/e4/0f/f5e1801e55cc631f2db193276675b30561b963a2403da832bffb5d100267/ty-0.0.73-py3-none-linux_armv6l.whl", hash = "sha256:90a946082bf9bc446b5e72973d9f4ff1222a240b2ca4c9e6eed61eb913e30810", size = 12715452, upload-time = "2026-08-19T03:12:06.673Z" },
    { url = "https://files.pythonhosted.org/packages/54/32/515dd05074c213b433524ab97eb003b0132ae7e358e0d75633ba7a314ed8/ty-0.0.73-py3-none-macosx_10_12_x86_64.whl", hash = "sha256:b7d6b5c6a6db7ea95fbbc16af514ef44a27a29a2fe1dc798900790364d170209", size = 12301870, upload-time = "2026-08-19T03:12:08.924Z" },
    { url = "https://files.pythonhosted.org/packages/50/4d/085b4889f0d4bbe4af8b96242d4a1cb209fff95967cfa239ea141983719b/ty-0.0.73-py3-none-macosx_11_0_arm64.whl", hash = "sha256:dd6f657f463e01372d8688f235be164750c8db722c97da27fa4903aa8d40b203", size = 12111741, upload-time = "2026-08-19T03:12:11.067Z" },
    { url = "https://files.pythonhosted.org/packages/95/f6/d6ec277cadfecf03ad4c18551b67c4c6eb7807a0560d801db14be99d7a89/ty-0.0.73-py3-none-manylinux_2_17_aarch64.manylinux2014_aarch64.whl", hash = "sha256:fc2de468e33fd44c9ff1c43473a7316f4289480f5cba8995a67b6d22aee39ca9", size = 12196124, upload-time = "2026-08-19T03:12:13.14Z" },
    { url = "https://files.pythonhosted.org/packages/75/b7/ce78d8707563af9cae9bbd25328bfbc4931035085bd20089adf0c418f70e/ty-0.0.73-py3-none-manylinux_2_17_armv7l.manylinux2014_armv7l.whl", hash = "sha256:2942fa0ef795a66034cdc8d75a72f453442f3b58ff2f69b4da05b7b954765b55", size = 12488557, upload-time = "2026-08-19T03:12:15.252Z" },
    { url = "https://files.pythonhosted.org/packages/d8/e8/329b9851b23502758c5c98e8cc875ea2a1b4c9674b4ca3a86da56a5063d3/ty-0.0.73-py3-none-manylinux_2_17_i686.manylinux2014_i686.whl", hash = "sha256:1e0f1ef14f642e18ac4e7a616a2796dcf7a5d82e28cd17f9796494acc7c4aabb", size = 13215606, upload-time = "2026-08-19T03:12:17.225Z" },
    { url = "https://files.pythonhosted.org/packages/36/38/67fedfd2cb77516ef0066b1642f487dba0eb3006493cf3475b15f5b8b228/ty-0.0.73-py3-none-manylinux_2_17_ppc64le.manylinux2014_ppc64le.whl", hash = "sha256:16981e15fdceedb37d0aff76c5ac25914595dfee2675af95335550064251ad22", size = 13665497, upload-time = "2026-08-19T03:12:19.286Z" },
    { url = "https://files.pythonhosted.org/packages/8e/b3/154f4dd48ec5eebc186ab4b822c6e62f982fc5ddfd262d6e3903c2acba44/ty-0.0.73-py3-none-manylinux_2_17_s390x.manylinux2014_s390x.whl", hash = "sha256:644b2bec8a2e2e4957a942ae81d6cff5571c489bb5a8675e4d3886de537a694d", size = 13351231, upload-time = "2026-08-19T03:12:21.353Z" },
    { url = "https://files.pythonhosted.org/packages/35/5f/d462496903fbe453fb76363f8478be929c8e6ff21e6928c57dcd7e5fa21f/ty-0.0.73-py3-none-manylinux_2_17_x86_64.manylinux2014_x86_64.whl", hash = "sha256:338d565be3186f50ff8e9d10483685549c2d23f0754485d5ede3b54f4319188a", size = 12782586, upload-time = "2026-08-19T03:12:23.667Z" },
    { url = "https://files.pythonhosted.org/packages/87/52/ec6d24b74abe3ec324204c1c71e6d0c6c76a17ffc15fd51d603b0a302abe/ty-0.0.73-py3-none-manylinux_2_31_riscv64.whl", hash = "sha256:11c7b6d839309d2c102cb3a4c03d817176bbfab5b2fccc95a75ec5c9597421c9", size = 13247134, upload-time = "2026-08-19T03:12:25.956Z" },
    { url = "https://files.pythonhosted.org/packages/26/20/cc74650fec56a54786c6d7c89e09576fcad3092be34cf21715d39a406a9b/ty-0.0.73-py3-none-musllinux_1_2_aarch64.whl", hash = "sha256:488572db7ff97fb50ea36a76250f2d617c9727d143da6c7bf0623276eb0fc507", size = 12309344, upload-time = "2026-08-19T03:12:28.122Z" },
    { url = "https://files.pythonhosted.org/packages/89/bd/4b0a9087f4315d7fbadf77a3ce44c816cc9ffabed1ced06cc5be81fbc414/ty-0.0.73-py3-none-musllinux_1_2_armv7l.whl", hash = "sha256:1b958ebceefbbf594e59eb8d3d55bbd033ce634026fcba3e4bc3179e78e45bb7", size = 12502319, upload-time = "2026-08-19T03:12:30.128Z" },
    { url = "https://files.pythonhosted.org/packages/11/80/0a925074911fe111912ea29d9eed309bcc183f43d2fb3eef07db056a0beb/ty-0.0.73-py3-none-musllinux_1_2_i686.whl", hash = "sha256:91a32993b3c34e42c3f323ad6c0399cb596bd1c27e9b7f20db7cd64c1067b68e", size = 12753688, upload-time = "2026-08-19T03:12:32.433Z" },
    { url = "https://files.pythonhosted.org/packages/24/6b/aeccaf89efbc2e112bd415340a22e2669ec998aa397242503e747b712ca4/ty-0.0.73-py3-none-musllinux_1_2_x86_64.whl", hash = "sha256:bab8a19fbf51f479bddb2a12c5fabfe52f918a5590362321ed5d89b44eb62c15", size = 13069050, upload-time = "2026-08-19T03:12:35.398Z" },
    { url = "https://files.pythonhosted.org/packages/d7/3e/eae485fd86c1585943fd4e1746b0757b2da01e2c43136ebe8c686fe1c7f1/ty-0.0.73-py3-none-win32.whl", hash = "sha256:03347a612f0fa020b19bfd8dbd521db6ecc75d377a3e4d4f6e6c2e62871da4cc", size = 12053187, upload-time = "2026-08-19T03:12:37.565Z" },
    { url = "https://files.pythonhosted.org/packages/a7/01/9b8b983786e3ce34924e372e8b76b92b508273ab65c589fc7e88cc03ee17/ty-0.0.73-py3-none-win_amd64.whl", hash = "sha256:cedd05122ded0b5dcc55431a370e974b747f99c41c290a3d2ab8c1867f197519", size = 12693838, upload-time = "2026-08-19T03:12:39.483Z" },
    { url = "https://files.pythonhosted.org/packages/ea/88/25333bbfea6a5dc064371d2002d3d4807db90b84d5448f9106b2712b0fbc/ty-0.0.73-py3-none-win_arm64.whl", hash = "sha256:e47068f8369dea5d641a26a2ad0a947a320b02ff87099b07e95de0323245a4dc", size = 12443573, upload-time = "2026-08-19T03:12:41.449Z" },
]

[[package]]
name = "typing-extensions"
version = "4.16.0"
source = { registry = "https://pypi.org/simple" }
sdist = { url = "https://files.pythonhosted.org/packages/f6/cc/6253133b5bb138fc3306cebfbda2c520f545d36b5be2c7255cc528bb45d6/typing_extensions-4.16.0.tar.gz", hash = "sha256:dc983d19a509c94dba722ee6abd33940f7c05a89e243c47e907eb4db6f1a43e5", size = 113555, upload-time = "2026-07-02T08:40:05.92Z" }
wheels = [
    { url = "https://files.pythonhosted.org/packages/49/d3/b8441a820a491ddfc024b0b0cf0393375b75ea13866d9c66727e54c2fc80/typing_extensions-4.16.0-py3-none-any.whl", hash = "sha256:481caa481374e813c1b176ada14e97f1f67a4539ce9cfeb3f350d78d6370c2e8", size = 45571, upload-time = "2026-07-02T08:40:04.659Z" },
]

[[package]]
name = "typing-inspection"
version = "0.4.4"
source = { registry = "https://pypi.org/simple" }
dependencies = [
    { name = "typing-extensions" },
]
sdist = { url = "https://files.pythonhosted.org/packages/a3/26/b09b8010994eccc3c09092e6b34058f36a460eea2d4c3e8b910c695975a0/typing_inspection-0.4.4.tar.gz", hash = "sha256:547274fa6b0a561ccf549cc9524b999a578e737d015d8709d021f9d0d13bea47", size = 76928, upload-time = "2026-08-12T12:37:25.997Z" }
wheels = [
    { url = "https://files.pythonhosted.org/packages/67/81/4add07e5172b7ac40d8ed5ff580409a7801a4fe26d529bdd915401dabfbe/typing_inspection-0.4.4-py3-none-any.whl", hash = "sha256:65b8397ba37ccbce054456aaccddfc91e6e3083c92824df348d96ca832f3f147", size = 14750, upload-time = "2026-08-12T12:37:24.648Z" },
]

[[package]]
name = "uvicorn"
version = "0.52.4"
source = { registry = "https://pypi.org/simple" }
dependencies = [
    { name = "click" },
    { name = "h11" },
]
sdist = { url = "https://files.pythonhosted.org/packages/f2/0f/3f86e61397dd33bf2ccf28188c40db6a740658aeebbbf6e7dbc101a1f487/uvicorn-0.52.4.tar.gz", hash = "sha256:73acfee47a0b133c5de13d219492d62d8a31e935f4fe6e41a232451a15379f86", size = 100627, upload-time = "2026-08-19T06:27:41.821Z" }
wheels = [
    { url = "https://files.pythonhosted.org/packages/f1/79/4a20b54ab0491485ccd8c077db2d39187c7f12b3e15485d38a7be37c81b4/uvicorn-0.52.4-py3-none-any.whl", hash = "sha256:f86e41a149d7d05a9969337e3946a9c171c06a5d42680896daaba624aeac8da1", size = 79871, upload-time = "2026-08-19T06:27:40.36Z" },
]

[[package]]
name = "zrun-auth"
version = "0.1.0"
source = { editable = "packages/auth" }
dependencies = [
    { name = "fastapi" },
    { name = "zrun-core" },
]

[package.metadata]
requires-dist = [
    { name = "fastapi" },
    { name = "zrun-core", editable = "packages/core" },
]

[[package]]
name = "zrun-bff"
version = "0.1.0"
source = { editable = "apps/bff" }
dependencies = [
    { name = "fastapi" },
    { name = "pydantic-settings" },
    { name = "uvicorn" },
    { name = "zrun-auth" },
    { name = "zrun-core" },
    { name = "zrun-flow-api" },
    { name = "zrun-uc-api" },
]

[package.metadata]
requires-dist = [
    { name = "fastapi" },
    { name = "pydantic-settings" },
    { name = "uvicorn" },
    { name = "zrun-auth", editable = "packages/auth" },
    { name = "zrun-core", editable = "packages/core" },
    { name = "zrun-flow-api", editable = "packages/flow-api" },
    { name = "zrun-uc-api", editable = "packages/uc-api" },
]

[[package]]
name = "zrun-core"
version = "0.1.0"
source = { editable = "packages/core" }
dependencies = [
    { name = "fastapi" },
    { name = "httpx" },
    { name = "pydantic-settings" },
    { name = "tenacity" },
]

[package.metadata]
requires-dist = [
    { name = "fastapi" },
    { name = "httpx" },
    { name = "pydantic-settings" },
    { name = "tenacity" },
]

[[package]]
name = "zrun-flow"
version = "0.1.0"
source = { editable = "apps/flow" }
dependencies = [
    { name = "fastapi" },
    { name = "pydantic-settings" },
    { name = "uvicorn" },
    { name = "zrun-auth" },
    { name = "zrun-core" },
    { name = "zrun-flow-api" },
]

[package.metadata]
requires-dist = [
    { name = "fastapi" },
    { name = "pydantic-settings" },
    { name = "uvicorn" },
    { name = "zrun-auth", editable = "packages/auth" },
    { name = "zrun-core", editable = "packages/core" },
    { name = "zrun-flow-api", editable = "packages/flow-api" },
]

[[package]]
name = "zrun-flow-api"
version = "0.1.0"
source = { editable = "packages/flow-api" }
dependencies = [
    { name = "zrun-core" },
]

[package.metadata]
requires-dist = [{ name = "zrun-core", editable = "packages/core" }]

[[package]]
name = "zrun-uc"
version = "0.1.0"
source = { editable = "apps/uc" }
dependencies = [
    { name = "fastapi" },
    { name = "pydantic-settings" },
    { name = "uvicorn" },
    { name = "zrun-auth" },
    { name = "zrun-core" },
    { name = "zrun-uc-api" },
]

[package.metadata]
requires-dist = [
    { name = "fastapi" },
    { name = "pydantic-settings" },
    { name = "uvicorn" },
    { name = "zrun-auth", editable = "packages/auth" },
    { name = "zrun-core", editable = "packages/core" },
    { name = "zrun-uc-api", editable = "packages/uc-api" },
]

[[package]]
name = "zrun-uc-api"
version = "0.1.0"
source = { editable = "packages/uc-api" }
dependencies = [
    { name = "zrun-core" },
]

[package.metadata]
requires-dist = [{ name = "zrun-core", editable = "packages/core" }]

[[package]]
name = "zrun-workspace"
version = "0.1.0"
source = { virtual = "." }

[package.dev-dependencies]
dev = [
    { name = "pytest" },
    { name = "pytest-asyncio" },
    { name = "respx" },
    { name = "ruff" },
    { name = "ty" },
]

[package.metadata]

[package.metadata.requires-dev]
dev = [
    { name = "pytest", specifier = ">=8.0" },
    { name = "pytest-asyncio", specifier = ">=0.23" },
    { name = "respx", specifier = ">=0.20" },
    { name = "ruff", specifier = ">=0.8" },
    { name = "ty", specifier = ">=0.0.1" },
]
